// !$*UTF8*$!
{
	archiveVersion = 1;
	classes = {
	};
	objectVersion = 56;
	objects = {

/* Begin PBXBuildFile section */
		8281F86E2B3BE12200DFAFE2 /* KontaktView.swift in Sources */ = {isa = PBXBuildFile; fileRef = 8281F86D2B3BE12200DFAFE2 /* KontaktView.swift */; };
		8281F8702B3BE13000DFAFE2 /* SettingView.swift in Sources */ = {isa = PBXBuildFile; fileRef = 8281F86F2B3BE13000DFAFE2 /* SettingView.swift */; };
		8281F8732B3BE6B400DFAFE2 /* KontaktCell.swift in Sources */ = {isa = PBXBuildFile; fileRef = 8281F8722B3BE6B400DFAFE2 /* KontaktCell.swift */; };
		8281F8752B3BEE0D00DFAFE2 /* SettingCell.swift in Sources */ = {isa = PBXBuildFile; fileRef = 8281F8742B3BEE0D00DFAFE2 /* SettingCell.swift */; };
		8281F8772B3BF12F00DFAFE2 /* ItemCell.swift in Sources */ = {isa = PBXBuildFile; fileRef = 8281F8762B3BF12F00DFAFE2 /* ItemCell.swift */; };
		82D5B6F12B3B0BA40013A696 /* TelegramTimelineApp.swift in Sources */ = {isa = PBXBuildFile; fileRef = 82D5B6F02B3B0BA40013A696 /* TelegramTimelineApp.swift */; };
		82D5B6F32B3B0BA40013A696 /* ContentView.swift in Sources */ = {isa = PBXBuildFile; fileRef = 82D5B6F22B3B0BA40013A696 /* ContentView.swift */; };
		82D5B6F52B3B0BA50013A696 /* Assets.xcassets in Resources */ = {isa = PBXBuildFile; fileRef = 82D5B6F42B3B0BA50013A696 /* Assets.xcassets */; };
		82D5B6F82B3B0BA50013A696 /* Preview Assets.xcassets in Resources */ = {isa = PBXBuildFile; fileRef = 82D5B6F72B3B0BA50013A696 /* Preview Assets.xcassets */; };
		82D5B7002B3B116B0013A696 /* StoryItem.swift in Sources */ = {isa = PBXBuildFile; fileRef = 82D5B6FF2B3B116B0013A696 /* StoryItem.swift */; };
		82D5B7022B3B118D0013A696 /* AddStory.swift in Sources */ = {isa = PBXBuildFile; fileRef = 82D5B7012B3B118D0013A696 /* AddStory.swift */; };
		82D5B7042B3B14C50013A696 /* Royhat.swift in Sources */ = {isa = PBXBuildFile; fileRef = 82D5B7032B3B14C50013A696 /* Royhat.swift */; };
		82D5B7062B3B1A300013A696 /* Items.swift in Sources */ = {isa = PBXBuildFile; fileRef = 82D5B7052B3B1A300013A696 /* Items.swift */; };
/* End PBXBuildFile section */

/* Begin PBXFileReference section */
		8281F86D2B3BE12200DFAFE2 /* KontaktView.swift */ = {isa = PBXFileReference; lastKnownFileType = sourcecode.swift; path = KontaktView.swift; sourceTree = "<group>"; };
		8281F86F2B3BE13000DFAFE2 /* SettingView.swift */ = {isa = PBXFileReference; lastKnownFileType = sourcecode.swift; path = SettingView.swift; sourceTree = "<group>"; };
		8281F8722B3BE6B400DFAFE2 /* KontaktCell.swift */ = {isa = PBXFileReference; lastKnownFileType = sourcecode.swift; path = KontaktCell.swift; sourceTree = "<group>"; };
		8281F8742B3BEE0D00DFAFE2 /* SettingCell.swift */ = {isa = PBXFileReference; lastKnownFileType = sourcecode.swift; path = SettingCell.swift; sourceTree = "<group>"; };
		8281F8762B3BF12F00DFAFE2 /* ItemCell.swift */ = {isa = PBXFileReference; lastKnownFileType = sourcecode.swift; path = ItemCell.swift; sourceTree = "<group>"; };
		82D5B6ED2B3B0BA40013A696 /* TelegramTimeline.app */ = {isa = PBXFileReference; explicitFileType = wrapper.application; includeInIndex = 0; path = TelegramTimeline.app; sourceTree = BUILT_PRODUCTS_DIR; };
		82D5B6F02B3B0BA40013A696 /* TelegramTimelineApp.swift */ = {isa = PBXFileReference; lastKnownFileType = sourcecode.swift; path = TelegramTimelineApp.swift; sourceTree = "<group>"; };
		82D5B6F22B3B0BA40013A696 /* ContentView.swift */ = {isa = PBXFileReference; lastKnownFileType = sourcecode.swift; path = ContentView.swift; sourceTree = "<group>"; };
		82D5B6F42B3B0BA50013A696 /* Assets.xcassets */ = {isa = PBXFileReference; lastKnownFileType = folder.assetcatalog; path = Assets.xcassets; sourceTree = "<group>"; };
		82D5B6F72B3B0BA50013A696 /* Preview Assets.xcassets */ = {isa = PBXFileReference; lastKnownFileType = folder.assetcatalog; path = "Preview Assets.xcassets"; sourceTree = "<group>"; };
		82D5B6FF2B3B116B0013A696 /* StoryItem.swift */ = {isa = PBXFileReference; lastKnownFileType = sourcecode.swift; path = StoryItem.swift; sourceTree = "<group>"; };
		82D5B7012B3B118D0013A696 /* AddStory.swift */ = {isa = PBXFileReference; lastKnownFileType = sourcecode.swift; path = AddStory.swift; sourceTree = "<group>"; };
		82D5B7032B3B14C50013A696 /* Royhat.swift */ = {isa = PBXFileReference; lastKnownFileType = sourcecode.swift; path = Royhat.swift; sourceTree = "<group>"; };
		82D5B7052B3B1A300013A696 /* Items.swift */ = {isa = PBXFileReference; lastKnownFileType = sourcecode.swift; path = Items.swift; sourceTree = "<group>"; };
/* End PBXFileReference section */

/* Begin PBXFrameworksBuildPhase section */
		82D5B6EA2B3B0BA40013A696 /* Frameworks */ = {
			isa = PBXFrameworksBuildPhase;
			buildActionMask = 2147483647;
			files = (
			);
			runOnlyForDeploymentPostprocessing = 0;
		};
/* End PBXFrameworksBuildPhase section */

/* Begin PBXGroup section */
		8281F86B2B3BDE0500DFAFE2 /* AppUtils */ = {
			isa = PBXGroup;
			children = (
				82D5B6F02B3B0BA40013A696 /* TelegramTimelineApp.swift */,
				82D5B6F42B3B0BA50013A696 /* Assets.xcassets */,
			);
			path = AppUtils;
			sourceTree = "<group>";
		};
		8281F86C2B3BDE2200DFAFE2 /* Views */ = {
			isa = PBXGroup;
			children = (
				82D5B6F22B3B0BA40013A696 /* ContentView.swift */,
				8281F86D2B3BE12200DFAFE2 /* KontaktView.swift */,
				8281F86F2B3BE13000DFAFE2 /* SettingView.swift */,
			);
			path = Views;
			sourceTree = "<group>";
		};
		8281F8712B3BE69700DFAFE2 /* SecondCells */ = {
			isa = PBXGroup;
			children = (
				8281F8722B3BE6B400DFAFE2 /* KontaktCell.swift */,
				8281F8742B3BEE0D00DFAFE2 /* SettingCell.swift */,
				8281F8762B3BF12F00DFAFE2 /* ItemCell.swift */,
			);
			path = SecondCells;
			sourceTree = "<group>";
		};
		82D5B6E42B3B0BA40013A696 = {
			isa = PBXGroup;
			children = (
				82D5B6EF2B3B0BA40013A696 /* TelegramTimeline */,
				82D5B6EE2B3B0BA40013A696 /* Products */,
			);
			sourceTree = "<group>";
		};
		82D5B6EE2B3B0BA40013A696 /* Products */ = {
			isa = PBXGroup;
			children = (
				82D5B6ED2B3B0BA40013A696 /* TelegramTimeline.app */,
			);
			name = Products;
			sourceTree = "<group>";
		};
		82D5B6EF2B3B0BA40013A696 /* TelegramTimeline */ = {
			isa = PBXGroup;
			children = (
				8281F86C2B3BDE2200DFAFE2 /* Views */,
				82D5B6FE2B3B11530013A696 /* Cells */,
				8281F86B2B3BDE0500DFAFE2 /* AppUtils */,
				82D5B6F62B3B0BA50013A696 /* Preview Content */,
			);
			path = TelegramTimeline;
			sourceTree = "<group>";
		};
		82D5B6F62B3B0BA50013A696 /* Preview Content */ = {
			isa = PBXGroup;
			children = (
				82D5B6F72B3B0BA50013A696 /* Preview Assets.xcassets */,
			);
			path = "Preview Content";
			sourceTree = "<group>";
		};
		82D5B6FE2B3B11530013A696 /* Cells */ = {
			isa = PBXGroup;
			children = (
				8281F8712B3BE69700DFAFE2 /* SecondCells */,
				82D5B7012B3B118D0013A696 /* AddStory.swift */,
				82D5B6FF2B3B116B0013A696 /* StoryItem.swift */,
				82D5B7032B3B14C50013A696 /* Royhat.swift */,
				82D5B7052B3B1A300013A696 /* Items.swift */,
			);
			path = Cells;
			sourceTree = "<group>";
		};
/* End PBXGroup section */

/* Begin PBXNativeTarget section */
		82D5B6EC2B3B0BA40013A696 /* TelegramTimeline */ = {
			isa = PBXNativeTarget;
			buildConfigurationList = 82D5B6FB2B3B0BA50013A696 /* Build configuration list for PBXNativeTarget "TelegramTimeline" */;
			buildPhases = (
				82D5B6E92B3B0BA40013A696 /* Sources */,
				82D5B6EA2B3B0BA40013A696 /* Frameworks */,
				82D5B6EB2B3B0BA40013A696 /* Resources */,
			);
			buildRules = (
			);
			dependencies = (
			);
			name = TelegramTimeline;
			productName = TelegramTimeline;
			productReference = 82D5B6ED2B3B0BA40013A696 /* TelegramTimeline.app */;
			productType = "com.apple.product-type.application";
		};
/* End PBXNativeTarget section */

/* Begin PBXProject section */
		82D5B6E52B3B0BA40013A696 /* Project object */ = {
			isa = PBXProject;
			attributes = {
				BuildIndependentTargetsInParallel = 1;
				LastSwiftUpdateCheck = 1510;
				LastUpgradeCheck = 1510;
				TargetAttributes = {
					82D5B6EC2B3B0BA40013A696 = {
						CreatedOnToolsVersion = 15.1;
					};
				};
			};
			buildConfigurationList = 82D5B6E82B3B0BA40013A696 /* Build configuration list for PBXProject "TelegramTimeline" */;
			compatibilityVersion = "Xcode 14.0";
			developmentRegion = en;
			hasScannedForEncodings = 0;
			knownRegions = (
				en,
				Base,
			);
			mainGroup = 82D5B6E42B3B0BA40013A696;
			productRefGroup = 82D5B6EE2B3B0BA40013A696 /* Products */;
			projectDirPath = "";
			projectRoot = "";
			targets = (
				82D5B6EC2B3B0BA40013A696 /* TelegramTimeline */,
			);
		};
/* End PBXProject section */

/* Begin PBXResourcesBuildPhase section */
		82D5B6EB2B3B0BA40013A696 /* Resources */ = {
			isa = PBXResourcesBuildPhase;
			buildActionMask = 2147483647;
			files = (
				82D5B6F82B3B0BA50013A696 /* Preview Assets.xcassets in Resources */,
				82D5B6F52B3B0BA50013A696 /* Assets.xcassets in Resources */,
			);
			runOnlyForDeploymentPostprocessing = 0;
		};
/* End PBXResourcesBuildPhase section */

/* Begin PBXSourcesBuildPhase section */
		82D5B6E92B3B0BA40013A696 /* Sources */ = {
			isa = PBXSourcesBuildPhase;
			buildActionMask = 2147483647;
			files = (
				82D5B7042B3B14C50013A696 /* Royhat.swift in Sources */,
				8281F86E2B3BE12200DFAFE2 /* KontaktView.swift in Sources */,
				8281F8732B3BE6B400DFAFE2 /* KontaktCell.swift in Sources */,
				8281F8772B3BF12F00DFAFE2 /* ItemCell.swift in Sources */,
				82D5B7002B3B116B0013A696 /* StoryItem.swift in Sources */,
				82D5B6F32B3B0BA40013A696 /* ContentView.swift in Sources */,
				82D5B6F12B3B0BA40013A696 /* TelegramTimelineApp.swift in Sources */,
				8281F8702B3BE13000DFAFE2 /* SettingView.swift in Sources */,
				82D5B7062B3B1A300013A696 /* Items.swift in Sources */,
				8281F8752B3BEE0D00DFAFE2 /* SettingCell.swift in Sources */,
				82D5B7022B3B118D0013A696 /* AddStory.swift in Sources */,
			);
			runOnlyForDeploymentPostprocessing = 0;
		};
/* End PBXSourcesBuildPhase section */

/* Begin XCBuildConfiguration section */
		82D5B6F92B3B0BA50013A696 /* Debug */ = {
			isa = XCBuildConfiguration;
			buildSettings = {
				ALWAYS_SEARCH_USER_PATHS = NO;
				ASSETCATALOG_COMPILER_GENERATE_SWIFT_ASSET_SYMBOL_EXTENSIONS = YES;
				CLANG_ANALYZER_NONNULL = YES;
				CLANG_ANALYZER_NUMBER_OBJECT_CONVERSION = YES_AGGRESSIVE;
				CLANG_CXX_LANGUAGE_STANDARD = "gnu++20";
				CLANG_ENABLE_MODULES = YES;
				CLANG_ENABLE_OBJC_ARC = YES;
				CLANG_ENABLE_OBJC_WEAK = YES;
				CLANG_WARN_BLOCK_CAPTURE_AUTORELEASING = YES;
				CLANG_WARN_BOOL_CONVERSION = YES;
				CLANG_WARN_COMMA = YES;
				CLANG_WARN_CONSTANT_CONVERSION = YES;
				CLANG_WARN_DEPRECATED_OBJC_IMPLEMENTATIONS = YES;
				CLANG_WARN_DIRECT_OBJC_ISA_USAGE = YES_ERROR;
				CLANG_WARN_DOCUMENTATION_COMMENTS = YES;
				CLANG_WARN_EMPTY_BODY = YES;
				CLANG_WARN_ENUM_CONVERSION = YES;
				CLANG_WARN_INFINITE_RECURSION = YES;
				CLANG_WARN_INT_CONVERSION = YES;
				CLANG_WARN_NON_LITERAL_NULL_CONVERSION = YES;
				CLANG_WARN_OBJC_IMPLICIT_RETAIN_SELF = YES;
				CLANG_WARN_OBJC_LITERAL_CONVERSION = YES;
				CLANG_WARN_OBJC_ROOT_CLASS = YES_ERROR;
				CLANG_WARN_QUOTED_INCLUDE_IN_FRAMEWORK_HEADER = YES;
				CLANG_WARN_RANGE_LOOP_ANALYSIS = YES;
				CLANG_WARN_STRICT_PROTOTYPES = YES;
				CLANG_WARN_SUSPICIOUS_MOVE = YES;
				CLANG_WARN_UNGUARDED_AVAILABILITY = YES_AGGRESSIVE;
				CLANG_WARN_UNREACHABLE_CODE = YES;
				CLANG_WARN__DUPLICATE_METHOD_MATCH = YES;
				COPY_PHASE_STRIP = NO;
				DEBUG_INFORMATION_FORMAT = dwarf;
				ENABLE_STRICT_OBJC_MSGSEND = YES;
				ENABLE_TESTABILITY = YES;
				ENABLE_USER_SCRIPT_SANDBOXING = YES;
				GCC_C_LANGUAGE_STANDARD = gnu17;
				GCC_DYNAMIC_NO_PIC = NO;
				GCC_NO_COMMON_BLOCKS = YES;
				GCC_OPTIMIZATION_LEVEL = 0;
				GCC_PREPROCESSOR_DEFINITIONS = (
					"DEBUG=1",
					"$(inherited)",
				);
				GCC_WARN_64_TO_32_BIT_CONVERSION = YES;
				GCC_WARN_ABOUT_RETURN_TYPE = YES_ERROR;
				GCC_WARN_UNDECLARED_SELECTOR = YES;
				GCC_WARN_UNINITIALIZED_AUTOS = YES_AGGRESSIVE;
				GCC_WARN_UNUSED_FUNCTION = YES;
				GCC_WARN_UNUSED_VARIABLE = YES;
				IPHONEOS_DEPLOYMENT_TARGET = 17.2;
				LOCALIZATION_PREFERS_STRING_CATALOGS = YES;
				MTL_ENABLE_DEBUG_INFO = INCLUDE_SOURCE;
				MTL_FAST_MATH = YES;
				ONLY_ACTIVE_ARCH = YES;
				SDKROOT = iphoneos;
				SWIFT_ACTIVE_COMPILATION_CONDITIONS = "DEBUG $(inherited)";
				SWIFT_OPTIMIZATION_LEVEL = "-Onone";
			};
			name = Debug;
		};
		82D5B6FA2B3B0BA50013A696 /* Release */ = {
			isa = XCBuildConfiguration;
			buildSettings = {
				ALWAYS_SEARCH_USER_PATHS = NO;
				ASSETCATALOG_COMPILER_GENERATE_SWIFT_ASSET_SYMBOL_EXTENSIONS = YES;
				CLANG_ANALYZER_NONNULL = YES;
				CLANG_ANALYZER_NUMBER_OBJECT_CONVERSION = YES_AGGRESSIVE;
				CLANG_CXX_LANGUAGE_STANDARD = "gnu++20";
				CLANG_ENABLE_MODULES = YES;
				CLANG_ENABLE_OBJC_ARC = YES;
				CLANG_ENABLE_OBJC_WEAK = YES;
				CLANG_WARN_BLOCK_CAPTURE_AUTORELEASING = YES;
				CLANG_WARN_BOOL_CONVERSION = YES;
				CLANG_WARN_COMMA = YES;
				CLANG_WARN_CONSTANT_CONVERSION = YES;
				CLANG_WARN_DEPRECATED_OBJC_IMPLEMENTATIONS = YES;
				CLANG_WARN_DIRECT_OBJC_ISA_USAGE = YES_ERROR;
				CLANG_WARN_DOCUMENTATION_COMMENTS = YES;
				CLANG_WARN_EMPTY_BODY = YES;
				CLANG_WARN_ENUM_CONVERSION = YES;
				CLANG_WARN_INFINITE_RECURSION = YES;
				CLANG_WARN_INT_CONVERSION = YES;
				CLANG_WARN_NON_LITERAL_NULL_CONVERSION = YES;
				CLANG_WARN_OBJC_IMPLICIT_RETAIN_SELF = YES;
				CLANG_WARN_OBJC_LITERAL_CONVERSION = YES;
				CLANG_WARN_OBJC_ROOT_CLASS = YES_ERROR;
				CLANG_WARN_QUOTED_INCLUDE_IN_FRAMEWORK_HEADER = YES;
				CLANG_WARN_RANGE_LOOP_ANALYSIS = YES;
				CLANG_WARN_STRICT_PROTOTYPES = YES;
				CLANG_WARN_SUSPICIOUS_MOVE = YES;
				CLANG_WARN_UNGUARDED_AVAILABILITY = YES_AGGRESSIVE;
				CLANG_WARN_UNREACHABLE_CODE = YES;
				CLANG_WARN__DUPLICATE_METHOD_MATCH = YES;
				COPY_PHASE_STRIP = NO;
				DEBUG_INFORMATION_FORMAT = "dwarf-with-dsym";
				ENABLE_NS_ASSERTIONS = NO;
				ENABLE_STRICT_OBJC_MSGSEND = YES;
				ENABLE_USER_SCRIPT_SANDBOXING = YES;
				GCC_C_LANGUAGE_STANDARD = gnu17;
				GCC_NO_COMMON_BLOCKS = YES;
				GCC_WARN_64_TO_32_BIT_CONVERSION = YES;
				GCC_WARN_ABOUT_RETURN_TYPE = YES_ERROR;
				GCC_WARN_UNDECLARED_SELECTOR = YES;
				GCC_WARN_UNINITIALIZED_AUTOS = YES_AGGRESSIVE;
				GCC_WARN_UNUSED_FUNCTION = YES;
				GCC_WARN_UNUSED_VARIABLE = YES;
				IPHONEOS_DEPLOYMENT_TARGET = 17.2;
				LOCALIZATION_PREFERS_STRING_CATALOGS = YES;
				MTL_ENABLE_DEBUG_INFO = NO;
				MTL_FAST_MATH = YES;
				SDKROOT = iphoneos;
				SWIFT_COMPILATION_MODE = wholemodule;
				VALIDATE_PRODUCT = YES;
			};
			name = Release;
		};
		82D5B6FC2B3B0BA50013A696 /* Debug */ = {
			isa = XCBuildConfiguration;
			buildSettings = {
				ASSETCATALOG_COMPILER_APPICON_NAME = AppIcon;
				ASSETCATALOG_COMPILER_GLOBAL_ACCENT_COLOR_NAME = AccentColor;
				CODE_SIGN_STYLE = Automatic;
				CURRENT_PROJECT_VERSION = 1;
				DEVELOPMENT_ASSET_PATHS = "\"TelegramTimeline/Preview Content\"";
				ENABLE_PREVIEWS = YES;
				GENERATE_INFOPLIST_FILE = YES;
				INFOPLIST_KEY_UIApplicationSceneManifest_Generation = YES;
				INFOPLIST_KEY_UIApplicationSupportsIndirectInputEvents = YES;
				INFOPLIST_KEY_UILaunchScreen_Generation = YES;
				INFOPLIST_KEY_UISupportedInterfaceOrientations_iPad = "UIInterfaceOrientationPortrait UIInterfaceOrientationPortraitUpsideDown UIInterfaceOrientationLandscapeLeft UIInterfaceOrientationLandscapeRight";
				INFOPLIST_KEY_UISupportedInterfaceOrientations_iPhone = "UIInterfaceOrientationPortrait UIInterfaceOrientationLandscapeLeft UIInterfaceOrientationLandscapeRight";
				LD_RUNPATH_SEARCH_PATHS = (
					"$(inherited)",
					"@executable_path/Frameworks",
				);
				MARKETING_VERSION = 1.0;
				PRODUCT_BUNDLE_IDENTIFIER = Azer.TelegramTimeline;
				PRODUCT_NAME = "$(TARGET_NAME)";
				SWIFT_EMIT_LOC_STRINGS = YES;
				SWIFT_VERSION = 5.0;
				TARGETED_DEVICE_FAMILY = "1,2";
			};
			name = Debug;
		};
		82D5B6FD2B3B0BA50013A696 /* Release */ = {
			isa = XCBuildConfiguration;
			buildSettings = {
				ASSETCATALOG_COMPILER_APPICON_NAME = AppIcon;
				ASSETCATALOG_COMPILER_GLOBAL_ACCENT_COLOR_NAME = AccentColor;
				CODE_SIGN_STYLE = Automatic;
				CURRENT_PROJECT_VERSION = 1;
				DEVELOPMENT_ASSET_PATHS = "\"TelegramTimeline/Preview Content\"";
				ENABLE_PREVIEWS = YES;
				GENERATE_INFOPLIST_FILE = YES;
				INFOPLIST_KEY_UIApplicationSceneManifest_Generation = YES;
				INFOPLIST_KEY_UIApplicationSupportsIndirectInputEvents = YES;
				INFOPLIST_KEY_UILaunchScreen_Generation = YES;
				INFOPLIST_KEY_UISupportedInterfaceOrientations_iPad = "UIInterfaceOrientationPortrait UIInterfaceOrientationPortraitUpsideDown UIInterfaceOrientationLandscapeLeft UIInterfaceOrientationLandscapeRight";
				INFOPLIST_KEY_UISupportedInterfaceOrientations_iPhone = "UIInterfaceOrientationPortrait UIInterfaceOrientationLandscapeLeft UIInterfaceOrientationLandscapeRight";
				LD_RUNPATH_SEARCH_PATHS = (
					"$(inherited)",
					"@executable_path/Frameworks",
				);
				MARKETING_VERSION = 1.0;
				PRODUCT_BUNDLE_IDENTIFIER = Azer.TelegramTimeline;
				PRODUCT_NAME = "$(TARGET_NAME)";
				SWIFT_EMIT_LOC_STRINGS = YES;
				SWIFT_VERSION = 5.0;
				TARGETED_DEVICE_FAMILY = "1,2";
			};
			name = Release;
		};
/* End XCBuildConfiguration section */

/* Begin XCConfigurationList section */
		82D5B6E82B3B0BA40013A696 /* Build configuration list for PBXProject "TelegramTimeline" */ = {
			isa = XCConfigurationList;
			buildConfigurations = (
				82D5B6F92B3B0BA50013A696 /* Debug */,
				82D5B6FA2B3B0BA50013A696 /* Release */,
			);
			defaultConfigurationIsVisible = 0;
			defaultConfigurationName = Release;
		};
		82D5B6FB2B3B0BA50013A696 /* Build configuration list for PBXNativeTarget "TelegramTimeline" */ = {
			isa = XCConfigurationList;
			buildConfigurations = (
				82D5B6FC2B3B0BA50013A696 /* Debug */,
				82D5B6FD2B3B0BA50013A696 /* Release */,
			);
			defaultConfigurationIsVisible = 0;
			defaultConfigurationName = Release;
		};
/* End XCConfigurationList section */
	};
	rootObject = 82D5B6E52B3B0BA40013A696 /* Project object */;
}
